
Microsoft Visual Studio Solution File, Format Version 12.00
# Visual Studio Version 17
VisualStudioVersion = 17.2.32630.192
MinimumVisualStudioVersion = 10.0.40219.1
Project("{FAE04EC0-301F-11D3-BF4B-00C04F79EFBC}") = "Problem3_1", "Problem3_1\Problem3_1.csproj", "{F973C97F-3B54-401E-8326-97CA0A27EC98}"
EndProject
Project("{FAE04EC0-301F-11D3-BF4B-00C04F79EFBC}") = "Problem3_2", "Problem3_2\Problem3_2.csproj", "{C9C09289-7E54-4AE4-82E1-9EA781C9DDFB}"
EndProject
Project("{FAE04EC0-301F-11D3-BF4B-00C04F79EFBC}") = "Problem3_3", "Problem3_3\Problem3_3.csproj", "{12034824-B1E8-4E79-861D-C969264579FE}"
EndProject
Project("{FAE04EC0-301F-11D3-BF4B-00C04F79EFBC}") = "Problem3_4", "Problem3_4\Problem3_4.csproj", "{15817746-0465-4F06-8156-12CCC4CE5BAE}"
EndProject
Project("{FAE04EC0-301F-11D3-BF4B-00C04F79EFBC}") = "Problem3_5", "Problem3_5\Problem3_5.csproj", "{8FEF6586-F8D9-4458-85C4-03E98C628E15}"
EndProject
Project("{FAE04EC0-301F-11D3-BF4B-00C04F79EFBC}") = "Problem3_6", "Problem3_6\Problem3_6.csproj", "{B7BF018A-0E0C-49AC-A360-23A6695F4953}"
EndProject
Project("{FAE04EC0-301F-11D3-BF4B-00C04F79EFBC}") = "Problem3_7", "Problem3_7\Problem3_7.csproj", "{76370F6D-CCE5-412A-AAEE-9FD6F0712DE1}"
EndProject
Project("{FAE04EC0-301F-11D3-BF4B-00C04F79EFBC}") = "Problem3_8", "Problem3_8\Problem3_8.csproj", "{A5165BB0-3755-4C39-BE44-0B9457E0101F}"
EndProject
Project("{FAE04EC0-301F-11D3-BF4B-00C04F79EFBC}") = "Problem3_9", "Problem3_9\Problem3_9.csproj", "{00753B73-982E-4DFB-B814-96412EAA184E}"
EndProject
Project("{FAE04EC0-301F-11D3-BF4B-00C04F79EFBC}") = "Problem3_10", "Problem3_10\Problem3_10.csproj", "{13CCB53A-6839-4BF2-A1BF-8D76D65A1423}"
EndProject
Project("{FAE04EC0-301F-11D3-BF4B-00C04F79EFBC}") = "Problem3_11", "Problem3_11\Problem3_11.csproj", "{E8690E4B-B994-4222-AAD9-BEE7B4AD38FE}"
EndProject
Project("{FAE04EC0-301F-11D3-BF4B-00C04F79EFBC}") = "Problem3_12", "Problem3_12\Problem3_12.csproj", "{F7D40181-E445-47AC-B6F8-88205DC7291B}"
EndProject
Project("{FAE04EC0-301F-11D3-BF4B-00C04F79EFBC}") = "Problem3_13", "Problem3_13\Problem3_13.csproj", "{7C63AE9E-2451-4A38-B769-FAFD7F16178E}"
EndProject
Project("{FAE04EC0-301F-11D3-BF4B-00C04F79EFBC}") = "Problem3_14", "Problem3_14\Problem3_14.csproj", "{C0AED495-58F2-43A2-B989-EAEE2CA67E95}"
EndProject
Project("{FAE04EC0-301F-11D3-BF4B-00C04F79EFBC}") = "Problem3_15", "Problem3_15\Problem3_15.csproj", "{00C98477-94CB-41CB-8097-7F332E7B0F04}"
EndProject
Project("{FAE04EC0-301F-11D3-BF4B-00C04F79EFBC}") = "Problem3_16", "Problem3_16\Problem3_16.csproj", "{8D1D5652-33F4-412C-916A-832081830BE6}"
EndProject
Project("{FAE04EC0-301F-11D3-BF4B-00C04F79EFBC}") = "Problem3_17", "Problem3_17\Problem3_17.csproj", "{D90F2731-8155-45F0-AE23-4BC62DF1E576}"
EndProject
Project("{FAE04EC0-301F-11D3-BF4B-00C04F79EFBC}") = "Problem3_18", "Problem3_18\Problem3_18.csproj", "{93531E7A-7AA7-471B-A1E4-F2CEEE04BDFA}"
EndProject
Global
	GlobalSection(SolutionConfigurationPlatforms) = preSolution
		Debug|Any CPU = Debug|Any CPU
		Release|Any CPU = Release|Any CPU
	EndGlobalSection
	GlobalSection(ProjectConfigurationPlatforms) = postSolution
		{F973C97F-3B54-401E-8326-97CA0A27EC98}.Debug|Any CPU.ActiveCfg = Debug|Any CPU
		{F973C97F-3B54-401E-8326-97CA0A27EC98}.Debug|Any CPU.Build.0 = Debug|Any CPU
		{F973C97F-3B54-401E-8326-97CA0A27EC98}.Release|Any CPU.ActiveCfg = Release|Any CPU
		{F973C97F-3B54-401E-8326-97CA0A27EC98}.Release|Any CPU.Build.0 = Release|Any CPU
		{C9C09289-7E54-4AE4-82E1-9EA781C9DDFB}.Debug|Any CPU.ActiveCfg = Debug|Any CPU
		{C9C09289-7E54-4AE4-82E1-9EA781C9DDFB}.Debug|Any CPU.Build.0 = Debug|Any CPU
		{C9C09289-7E54-4AE4-82E1-9EA781C9DDFB}.Release|Any CPU.ActiveCfg = Release|Any CPU
		{C9C09289-7E54-4AE4-82E1-9EA781C9DDFB}.Release|Any CPU.Build.0 = Release|Any CPU
		{12034824-B1E8-4E79-861D-C969264579FE}.Debug|Any CPU.ActiveCfg = Debug|Any CPU
		{12034824-B1E8-4E79-861D-C969264579FE}.Debug|Any CPU.Build.0 = Debug|Any CPU
		{12034824-B1E8-4E79-861D-C969264579FE}.Release|Any CPU.ActiveCfg = Release|Any CPU
		{12034824-B1E8-4E79-861D-C969264579FE}.Release|Any CPU.Build.0 = Release|Any CPU
		{15817746-0465-4F06-8156-12CCC4CE5BAE}.Debug|Any CPU.ActiveCfg = Debug|Any CPU
		{15817746-0465-4F06-8156-12CCC4CE5BAE}.Debug|Any CPU.Build.0 = Debug|Any CPU
		{15817746-0465-4F06-8156-12CCC4CE5BAE}.Release|Any CPU.ActiveCfg = Release|Any CPU
		{15817746-0465-4F06-8156-12CCC4CE5BAE}.Release|Any CPU.Build.0 = Release|Any CPU
		{8FEF6586-F8D9-4458-85C4-03E98C628E15}.Debug|Any CPU.ActiveCfg = Debug|Any CPU
		{8FEF6586-F8D9-4458-85C4-03E98C628E15}.Debug|Any CPU.Build.0 = Debug|Any CPU
		{8FEF6586-F8D9-4458-85C4-03E98C628E15}.Release|Any CPU.ActiveCfg = Release|Any CPU
		{8FEF6586-F8D9-4458-85C4-03E98C628E15}.Release|Any CPU.Build.0 = Release|Any CPU
		{B7BF018A-0E0C-49AC-A360-23A6695F4953}.Debug|Any CPU.ActiveCfg = Debug|Any CPU
		{B7BF018A-0E0C-49AC-A360-23A6695F4953}.Debug|Any CPU.Build.0 = Debug|Any CPU
		{B7BF018A-0E0C-49AC-A360-23A6695F4953}.Release|Any CPU.ActiveCfg = Release|Any CPU
		{B7BF018A-0E0C-49AC-A360-23A6695F4953}.Release|Any CPU.Build.0 = Release|Any CPU
		{76370F6D-CCE5-412A-AAEE-9FD6F0712DE1}.Debug|Any CPU.ActiveCfg = Debug|Any CPU
		{76370F6D-CCE5-412A-AAEE-9FD6F0712DE1}.Debug|Any CPU.Build.0 = Debug|Any CPU
		{76370F6D-CCE5-412A-AAEE-9FD6F0712DE1}.Release|Any CPU.ActiveCfg = Release|Any CPU
		{76370F6D-CCE5-412A-AAEE-9FD6F0712DE1}.Release|Any CPU.Build.0 = Release|Any CPU
		{A5165BB0-3755-4C39-BE44-0B9457E0101F}.Debug|Any CPU.ActiveCfg = Debug|Any CPU
		{A5165BB0-3755-4C39-BE44-0B9457E0101F}.Debug|Any CPU.Build.0 = Debug|Any CPU
		{A5165BB0-3755-4C39-BE44-0B9457E0101F}.Release|Any CPU.ActiveCfg = Release|Any CPU
		{A5165BB0-3755-4C39-BE44-0B9457E0101F}.Release|Any CPU.Build.0 = Release|Any CPU
		{00753B73-982E-4DFB-B814-96412EAA184E}.Debug|Any CPU.ActiveCfg = Debug|Any CPU
		{00753B73-982E-4DFB-B814-96412EAA184E}.Debug|Any CPU.Build.0 = Debug|Any CPU
		{00753B73-982E-4DFB-B814-96412EAA184E}.Release|Any CPU.ActiveCfg = Release|Any CPU
		{00753B73-982E-4DFB-B814-96412EAA184E}.Release|Any CPU.Build.0 = Release|Any CPU
		{13CCB53A-6839-4BF2-A1BF-8D76D65A1423}.Debug|Any CPU.ActiveCfg = Debug|Any CPU
		{13CCB53A-6839-4BF2-A1BF-8D76D65A1423}.Debug|Any CPU.Build.0 = Debug|Any CPU
		{13CCB53A-6839-4BF2-A1BF-8D76D65A1423}.Release|Any CPU.ActiveCfg = Release|Any CPU
		{13CCB53A-6839-4BF2-A1BF-8D76D65A1423}.Release|Any CPU.Build.0 = Release|Any CPU
		{E8690E4B-B994-4222-AAD9-BEE7B4AD38FE}.Debug|Any CPU.ActiveCfg = Debug|Any CPU
		{E8690E4B-B994-4222-AAD9-BEE7B4AD38FE}.Debug|Any CPU.Build.0 = Debug|Any CPU
		{E8690E4B-B994-4222-AAD9-BEE7B4AD38FE}.Release|Any CPU.ActiveCfg = Release|Any CPU
		{E8690E4B-B994-4222-AAD9-BEE7B4AD38FE}.Release|Any CPU.Build.0 = Release|Any CPU
		{F7D40181-E445-47AC-B6F8-88205DC7291B}.Debug|Any CPU.ActiveCfg = Debug|Any CPU
		{F7D40181-E445-47AC-B6F8-88205DC7291B}.Debug|Any CPU.Build.0 = Debug|Any CPU
		{F7D40181-E445-47AC-B6F8-88205DC7291B}.Release|Any CPU.ActiveCfg = Release|Any CPU
		{F7D40181-E445-47AC-B6F8-88205DC7291B}.Release|Any CPU.Build.0 = Release|Any CPU
		{7C63AE9E-2451-4A38-B769-FAFD7F16178E}.Debug|Any CPU.ActiveCfg = Debug|Any CPU
		{7C63AE9E-2451-4A38-B769-FAFD7F16178E}.Debug|Any CPU.Build.0 = Debug|Any CPU
		{7C63AE9E-2451-4A38-B769-FAFD7F16178E}.Release|Any CPU.ActiveCfg = Release|Any CPU
		{7C63AE9E-2451-4A38-B769-FAFD7F16178E}.Release|Any CPU.Build.0 = Release|Any CPU
		{C0AED495-58F2-43A2-B989-EAEE2CA67E95}.Debug|Any CPU.ActiveCfg = Debug|Any CPU
		{C0AED495-58F2-43A2-B989-EAEE2CA67E95}.Debug|Any CPU.Build.0 = Debug|Any CPU
		{C0AED495-58F2-43A2-B989-EAEE2CA67E95}.Release|Any CPU.ActiveCfg = Release|Any CPU
		{C0AED495-58F2-43A2-B989-EAEE2CA67E95}.Release|Any CPU.Build.0 = Release|Any CPU
		{00C98477-94CB-41CB-8097-7F332E7B0F04}.Debug|Any CPU.ActiveCfg = Debug|Any CPU
		{00C98477-94CB-41CB-8097-7F332E7B0F04}.Debug|Any CPU.Build.0 = Debug|Any CPU
		{00C98477-94CB-41CB-8097-7F332E7B0F04}.Release|Any CPU.ActiveCfg = Release|Any CPU
		{00C98477-94CB-41CB-8097-7F332E7B0F04}.Release|Any CPU.Build.0 = Release|Any CPU
		{8D1D5652-33F4-412C-916A-832081830BE6}.Debug|Any CPU.ActiveCfg = Debug|Any CPU
		{8D1D5652-33F4-412C-916A-832081830BE6}.Debug|Any CPU.Build.0 = Debug|Any CPU
		{8D1D5652-33F4-412C-916A-832081830BE6}.Release|Any CPU.ActiveCfg = Release|Any CPU
		{8D1D5652-33F4-412C-916A-832081830BE6}.Release|Any CPU.Build.0 = Release|Any CPU
		{D90F2731-8155-45F0-AE23-4BC62DF1E576}.Debug|Any CPU.ActiveCfg = Debug|Any CPU
		{D90F2731-8155-45F0-AE23-4BC62DF1E576}.Debug|Any CPU.Build.0 = Debug|Any CPU
		{D90F2731-8155-45F0-AE23-4BC62DF1E576}.Release|Any CPU.ActiveCfg = Release|Any CPU
		{D90F2731-8155-45F0-AE23-4BC62DF1E576}.Release|Any CPU.Build.0 = Release|Any CPU
		{93531E7A-7AA7-471B-A1E4-F2CEEE04BDFA}.Debug|Any CPU.ActiveCfg = Debug|Any CPU
		{93531E7A-7AA7-471B-A1E4-F2CEEE04BDFA}.Debug|Any CPU.Build.0 = Debug|Any CPU
		{93531E7A-7AA7-471B-A1E4-F2CEEE04BDFA}.Release|Any CPU.ActiveCfg = Release|Any CPU
		{93531E7A-7AA7-471B-A1E4-F2CEEE04BDFA}.Release|Any CPU.Build.0 = Release|Any CPU
	EndGlobalSection
	GlobalSection(SolutionProperties) = preSolution
		HideSolutionNode = FALSE
	EndGlobalSection
	GlobalSection(ExtensibilityGlobals) = postSolution
		SolutionGuid = {7FB2039F-AA3A-4F82-94D3-D2A04C911258}
	EndGlobalSection
EndGlobal
